
Microsoft Visual Studio Solution File, Format Version 12.00
# Visual Studio Version 16
VisualStudioVersion = 16.0.30621.155
MinimumVisualStudioVersion = 10.0.40219.1
Project("{9A19103F-16F7-4668-BE54-9A1E7A4F7556}") = "CMS.Business", "CMS.Business\CMS.Business.csproj", "{243A391C-CCB3-4820-AD70-753AF95AAB59}"
EndProject
Project("{9A19103F-16F7-4668-BE54-9A1E7A4F7556}") = "CMS.Common", "CMS.Common\CMS.Common.csproj", "{EE80010D-47C1-4EC6-9C66-DB0A6512554C}"
EndProject
Project("{9A19103F-16F7-4668-BE54-9A1E7A4F7556}") = "CMS.Data.Model", "CMS.Data.Model\CMS.Data.Model.csproj", "{C79B79BE-7F6C-4203-8BD7-6D97CC9BC6BE}"
EndProject
Project("{9A19103F-16F7-4668-BE54-9A1E7A4F7556}") = "CMS.Data.Repository", "CMS.Data.Repository\CMS.Data.Repository.csproj", "{21D07227-15E6-47B5-885E-BDDDA6846B1C}"
EndProject
Project("{9A19103F-16F7-4668-BE54-9A1E7A4F7556}") = "CMS.UI.ViewModel", "CMS.UI.ViewModel\CMS.UI.ViewModel.csproj", "{C56E46AE-9009-4F47-B048-B0B2D38AE155}"
EndProject
Project("{2150E333-8FDC-42A3-9474-1A3956D46DE8}") = "Solution Items", "Solution Items", "{1EBCB9A0-3868-4837-9933-F1D97A246A62}"
	ProjectSection(SolutionItems) = preProject
		.editorconfig = .editorconfig
		global.json = global.json
	EndProjectSection
EndProject
Project("{9A19103F-16F7-4668-BE54-9A1E7A4F7556}") = "CMS.Web.Api", "CMS.Web.Api\CMS.Web.Api.csproj", "{EF5AED4B-F1F0-4C63-A998-831BCE945B7F}"
EndProject
Project("{9A19103F-16F7-4668-BE54-9A1E7A4F7556}") = "CMS.UI.Web", "CMS.UI.Web\CMS.UI.Web.csproj", "{4EF3BFD3-2D8E-4DF4-8874-9B9EE6A8590D}"
EndProject
Project("{2150E333-8FDC-42A3-9474-1A3956D46DE8}") = "Test", "Test", "{AC01ECC0-DE88-4BAF-9114-E4DE015E8B1D}"
EndProject
Project("{9A19103F-16F7-4668-BE54-9A1E7A4F7556}") = "CMS.Business.Test", "CMS.Business.Test\CMS.Business.Test.csproj", "{E9AA4F49-34AE-4883-A8CE-D507AE85CF00}"
EndProject
Project("{9A19103F-16F7-4668-BE54-9A1E7A4F7556}") = "CMS.UI.Rcl.Pms", "CMS.UI.Rcl.Pms\CMS.UI.Rcl.Pms.csproj", "{1600E7B4-4179-4273-B229-82BD8C05C9A0}"
EndProject
Project("{9A19103F-16F7-4668-BE54-9A1E7A4F7556}") = "CMS.UI.Utility", "CMS.UI.Utility\CMS.UI.Utility.csproj", "{C4DAD854-B739-48C8-A5CE-350ED79BE807}"
EndProject
Project("{9A19103F-16F7-4668-BE54-9A1E7A4F7556}") = "CMS.UI.Rcl.Pjm", "CMS.UI.Rcl.Pjm\CMS.UI.Rcl.Pjm.csproj", "{13ACA6FD-E723-4D0D-8CAF-6767FB39CE89}"
EndProject
Project("{9A19103F-16F7-4668-BE54-9A1E7A4F7556}") = "CMS.UI.Rcl.Chr", "CMS.UI.Rcl.Chr\CMS.UI.Rcl.Chr.csproj", "{92FF7F01-EABD-4CE3-914E-7D2177D12DB6}"
EndProject
Project("{9A19103F-16F7-4668-BE54-9A1E7A4F7556}") = "CMS.UI.Rcl.Website", "CMS.UI.Rcl.Website\CMS.UI.Rcl.Website.csproj", "{A88BD2FC-D851-41F2-B58F-0D1C6F0786C8}"
EndProject
Project("{9A19103F-16F7-4668-BE54-9A1E7A4F7556}") = "CMS.UI.Rcl.Others", "CMS.UI.Rcl.Others\CMS.UI.Rcl.Others.csproj", "{CC7A89E6-FB18-4370-B023-AC4E9A1C4C09}"
EndProject
Project("{9A19103F-16F7-4668-BE54-9A1E7A4F7556}") = "CMS.UI.Rcl.EGov", "CMS.UI.Rcl.EGov\CMS.UI.Rcl.EGov.csproj", "{8AC87040-0916-4F25-B7C3-5754195EA231}"
EndProject
Project("{9A19103F-16F7-4668-BE54-9A1E7A4F7556}") = "CMS.UI.Rcl.Dms", "CMS.UI.Rcl.Dms\CMS.UI.Rcl.Dms.csproj", "{619D05C7-ECE2-4457-982B-C934A267BDCE}"
EndProject
Global
	GlobalSection(SolutionConfigurationPlatforms) = preSolution
		ApiRelease|Any CPU = ApiRelease|Any CPU
		Debug|Any CPU = Debug|Any CPU
		Release|Any CPU = Release|Any CPU
		SchedulerRelease|Any CPU = SchedulerRelease|Any CPU
		WebRelease|Any CPU = WebRelease|Any CPU
	EndGlobalSection
	GlobalSection(ProjectConfigurationPlatforms) = postSolution
		{243A391C-CCB3-4820-AD70-753AF95AAB59}.ApiRelease|Any CPU.ActiveCfg = ApiRelease|Any CPU
		{243A391C-CCB3-4820-AD70-753AF95AAB59}.ApiRelease|Any CPU.Build.0 = ApiRelease|Any CPU
		{243A391C-CCB3-4820-AD70-753AF95AAB59}.Debug|Any CPU.ActiveCfg = Debug|Any CPU
		{243A391C-CCB3-4820-AD70-753AF95AAB59}.Debug|Any CPU.Build.0 = Debug|Any CPU
		{243A391C-CCB3-4820-AD70-753AF95AAB59}.Release|Any CPU.ActiveCfg = Release|Any CPU
		{243A391C-CCB3-4820-AD70-753AF95AAB59}.Release|Any CPU.Build.0 = Release|Any CPU
		{243A391C-CCB3-4820-AD70-753AF95AAB59}.SchedulerRelease|Any CPU.ActiveCfg = SchedulerRelease|Any CPU
		{243A391C-CCB3-4820-AD70-753AF95AAB59}.SchedulerRelease|Any CPU.Build.0 = SchedulerRelease|Any CPU
		{243A391C-CCB3-4820-AD70-753AF95AAB59}.WebRelease|Any CPU.ActiveCfg = WebRelease|Any CPU
		{243A391C-CCB3-4820-AD70-753AF95AAB59}.WebRelease|Any CPU.Build.0 = WebRelease|Any CPU
		{EE80010D-47C1-4EC6-9C66-DB0A6512554C}.ApiRelease|Any CPU.ActiveCfg = ApiRelease|Any CPU
		{EE80010D-47C1-4EC6-9C66-DB0A6512554C}.ApiRelease|Any CPU.Build.0 = ApiRelease|Any CPU
		{EE80010D-47C1-4EC6-9C66-DB0A6512554C}.Debug|Any CPU.ActiveCfg = Debug|Any CPU
		{EE80010D-47C1-4EC6-9C66-DB0A6512554C}.Debug|Any CPU.Build.0 = Debug|Any CPU
		{EE80010D-47C1-4EC6-9C66-DB0A6512554C}.Release|Any CPU.ActiveCfg = Release|Any CPU
		{EE80010D-47C1-4EC6-9C66-DB0A6512554C}.Release|Any CPU.Build.0 = Release|Any CPU
		{EE80010D-47C1-4EC6-9C66-DB0A6512554C}.SchedulerRelease|Any CPU.ActiveCfg = SchedulerRelease|Any CPU
		{EE80010D-47C1-4EC6-9C66-DB0A6512554C}.SchedulerRelease|Any CPU.Build.0 = SchedulerRelease|Any CPU
		{EE80010D-47C1-4EC6-9C66-DB0A6512554C}.WebRelease|Any CPU.ActiveCfg = WebRelease|Any CPU
		{EE80010D-47C1-4EC6-9C66-DB0A6512554C}.WebRelease|Any CPU.Build.0 = WebRelease|Any CPU
		{C79B79BE-7F6C-4203-8BD7-6D97CC9BC6BE}.ApiRelease|Any CPU.ActiveCfg = ApiRelease|Any CPU
		{C79B79BE-7F6C-4203-8BD7-6D97CC9BC6BE}.ApiRelease|Any CPU.Build.0 = ApiRelease|Any CPU
		{C79B79BE-7F6C-4203-8BD7-6D97CC9BC6BE}.Debug|Any CPU.ActiveCfg = Debug|Any CPU
		{C79B79BE-7F6C-4203-8BD7-6D97CC9BC6BE}.Debug|Any CPU.Build.0 = Debug|Any CPU
		{C79B79BE-7F6C-4203-8BD7-6D97CC9BC6BE}.Release|Any CPU.ActiveCfg = Release|Any CPU
		{C79B79BE-7F6C-4203-8BD7-6D97CC9BC6BE}.Release|Any CPU.Build.0 = Release|Any CPU
		{C79B79BE-7F6C-4203-8BD7-6D97CC9BC6BE}.SchedulerRelease|Any CPU.ActiveCfg = SchedulerRelease|Any CPU
		{C79B79BE-7F6C-4203-8BD7-6D97CC9BC6BE}.SchedulerRelease|Any CPU.Build.0 = SchedulerRelease|Any CPU
		{C79B79BE-7F6C-4203-8BD7-6D97CC9BC6BE}.WebRelease|Any CPU.ActiveCfg = WebRelease|Any CPU
		{C79B79BE-7F6C-4203-8BD7-6D97CC9BC6BE}.WebRelease|Any CPU.Build.0 = WebRelease|Any CPU
		{21D07227-15E6-47B5-885E-BDDDA6846B1C}.ApiRelease|Any CPU.ActiveCfg = ApiRelease|Any CPU
		{21D07227-15E6-47B5-885E-BDDDA6846B1C}.ApiRelease|Any CPU.Build.0 = ApiRelease|Any CPU
		{21D07227-15E6-47B5-885E-BDDDA6846B1C}.Debug|Any CPU.ActiveCfg = Debug|Any CPU
		{21D07227-15E6-47B5-885E-BDDDA6846B1C}.Debug|Any CPU.Build.0 = Debug|Any CPU
		{21D07227-15E6-47B5-885E-BDDDA6846B1C}.Release|Any CPU.ActiveCfg = Release|Any CPU
		{21D07227-15E6-47B5-885E-BDDDA6846B1C}.Release|Any CPU.Build.0 = Release|Any CPU
		{21D07227-15E6-47B5-885E-BDDDA6846B1C}.SchedulerRelease|Any CPU.ActiveCfg = SchedulerRelease|Any CPU
		{21D07227-15E6-47B5-885E-BDDDA6846B1C}.SchedulerRelease|Any CPU.Build.0 = SchedulerRelease|Any CPU
		{21D07227-15E6-47B5-885E-BDDDA6846B1C}.WebRelease|Any CPU.ActiveCfg = WebRelease|Any CPU
		{21D07227-15E6-47B5-885E-BDDDA6846B1C}.WebRelease|Any CPU.Build.0 = WebRelease|Any CPU
		{C56E46AE-9009-4F47-B048-B0B2D38AE155}.ApiRelease|Any CPU.ActiveCfg = ApiRelease|Any CPU
		{C56E46AE-9009-4F47-B048-B0B2D38AE155}.ApiRelease|Any CPU.Build.0 = ApiRelease|Any CPU
		{C56E46AE-9009-4F47-B048-B0B2D38AE155}.Debug|Any CPU.ActiveCfg = Debug|Any CPU
		{C56E46AE-9009-4F47-B048-B0B2D38AE155}.Debug|Any CPU.Build.0 = Debug|Any CPU
		{C56E46AE-9009-4F47-B048-B0B2D38AE155}.Release|Any CPU.ActiveCfg = Release|Any CPU
		{C56E46AE-9009-4F47-B048-B0B2D38AE155}.Release|Any CPU.Build.0 = Release|Any CPU
		{C56E46AE-9009-4F47-B048-B0B2D38AE155}.SchedulerRelease|Any CPU.ActiveCfg = SchedulerRelease|Any CPU
		{C56E46AE-9009-4F47-B048-B0B2D38AE155}.SchedulerRelease|Any CPU.Build.0 = SchedulerRelease|Any CPU
		{C56E46AE-9009-4F47-B048-B0B2D38AE155}.WebRelease|Any CPU.ActiveCfg = WebRelease|Any CPU
		{C56E46AE-9009-4F47-B048-B0B2D38AE155}.WebRelease|Any CPU.Build.0 = WebRelease|Any CPU
		{EF5AED4B-F1F0-4C63-A998-831BCE945B7F}.ApiRelease|Any CPU.ActiveCfg = ApiRelease|Any CPU
		{EF5AED4B-F1F0-4C63-A998-831BCE945B7F}.ApiRelease|Any CPU.Build.0 = ApiRelease|Any CPU
		{EF5AED4B-F1F0-4C63-A998-831BCE945B7F}.Debug|Any CPU.ActiveCfg = Debug|Any CPU
		{EF5AED4B-F1F0-4C63-A998-831BCE945B7F}.Debug|Any CPU.Build.0 = Debug|Any CPU
		{EF5AED4B-F1F0-4C63-A998-831BCE945B7F}.Release|Any CPU.ActiveCfg = Release|Any CPU
		{EF5AED4B-F1F0-4C63-A998-831BCE945B7F}.Release|Any CPU.Build.0 = Release|Any CPU
		{EF5AED4B-F1F0-4C63-A998-831BCE945B7F}.SchedulerRelease|Any CPU.ActiveCfg = SchedulerRelease|Any CPU
		{EF5AED4B-F1F0-4C63-A998-831BCE945B7F}.WebRelease|Any CPU.ActiveCfg = WebRelease|Any CPU
		{4EF3BFD3-2D8E-4DF4-8874-9B9EE6A8590D}.ApiRelease|Any CPU.ActiveCfg = ApiRelease|Any CPU
		{4EF3BFD3-2D8E-4DF4-8874-9B9EE6A8590D}.Debug|Any CPU.ActiveCfg = Debug|Any CPU
		{4EF3BFD3-2D8E-4DF4-8874-9B9EE6A8590D}.Debug|Any CPU.Build.0 = Debug|Any CPU
		{4EF3BFD3-2D8E-4DF4-8874-9B9EE6A8590D}.Release|Any CPU.ActiveCfg = Release|Any CPU
		{4EF3BFD3-2D8E-4DF4-8874-9B9EE6A8590D}.Release|Any CPU.Build.0 = Release|Any CPU
		{4EF3BFD3-2D8E-4DF4-8874-9B9EE6A8590D}.SchedulerRelease|Any CPU.ActiveCfg = SchedulerRelease|Any CPU
		{4EF3BFD3-2D8E-4DF4-8874-9B9EE6A8590D}.SchedulerRelease|Any CPU.Build.0 = SchedulerRelease|Any CPU
		{4EF3BFD3-2D8E-4DF4-8874-9B9EE6A8590D}.WebRelease|Any CPU.ActiveCfg = WebRelease|Any CPU
		{4EF3BFD3-2D8E-4DF4-8874-9B9EE6A8590D}.WebRelease|Any CPU.Build.0 = WebRelease|Any CPU
		{E9AA4F49-34AE-4883-A8CE-D507AE85CF00}.ApiRelease|Any CPU.ActiveCfg = Release|Any CPU
		{E9AA4F49-34AE-4883-A8CE-D507AE85CF00}.Debug|Any CPU.ActiveCfg = Debug|Any CPU
		{E9AA4F49-34AE-4883-A8CE-D507AE85CF00}.Debug|Any CPU.Build.0 = Debug|Any CPU
		{E9AA4F49-34AE-4883-A8CE-D507AE85CF00}.Release|Any CPU.ActiveCfg = Release|Any CPU
		{E9AA4F49-34AE-4883-A8CE-D507AE85CF00}.Release|Any CPU.Build.0 = Release|Any CPU
		{E9AA4F49-34AE-4883-A8CE-D507AE85CF00}.SchedulerRelease|Any CPU.ActiveCfg = Release|Any CPU
		{E9AA4F49-34AE-4883-A8CE-D507AE85CF00}.SchedulerRelease|Any CPU.Build.0 = Release|Any CPU
		{E9AA4F49-34AE-4883-A8CE-D507AE85CF00}.WebRelease|Any CPU.ActiveCfg = Release|Any CPU
		{1600E7B4-4179-4273-B229-82BD8C05C9A0}.ApiRelease|Any CPU.ActiveCfg = Release|Any CPU
		{1600E7B4-4179-4273-B229-82BD8C05C9A0}.ApiRelease|Any CPU.Build.0 = Release|Any CPU
		{1600E7B4-4179-4273-B229-82BD8C05C9A0}.Debug|Any CPU.ActiveCfg = Debug|Any CPU
		{1600E7B4-4179-4273-B229-82BD8C05C9A0}.Debug|Any CPU.Build.0 = Debug|Any CPU
		{1600E7B4-4179-4273-B229-82BD8C05C9A0}.Release|Any CPU.ActiveCfg = Release|Any CPU
		{1600E7B4-4179-4273-B229-82BD8C05C9A0}.Release|Any CPU.Build.0 = Release|Any CPU
		{1600E7B4-4179-4273-B229-82BD8C05C9A0}.SchedulerRelease|Any CPU.ActiveCfg = Release|Any CPU
		{1600E7B4-4179-4273-B229-82BD8C05C9A0}.SchedulerRelease|Any CPU.Build.0 = Release|Any CPU
		{1600E7B4-4179-4273-B229-82BD8C05C9A0}.WebRelease|Any CPU.ActiveCfg = Release|Any CPU
		{1600E7B4-4179-4273-B229-82BD8C05C9A0}.WebRelease|Any CPU.Build.0 = Release|Any CPU
		{C4DAD854-B739-48C8-A5CE-350ED79BE807}.ApiRelease|Any CPU.ActiveCfg = Release|Any CPU
		{C4DAD854-B739-48C8-A5CE-350ED79BE807}.ApiRelease|Any CPU.Build.0 = Release|Any CPU
		{C4DAD854-B739-48C8-A5CE-350ED79BE807}.Debug|Any CPU.ActiveCfg = Debug|Any CPU
		{C4DAD854-B739-48C8-A5CE-350ED79BE807}.Debug|Any CPU.Build.0 = Debug|Any CPU
		{C4DAD854-B739-48C8-A5CE-350ED79BE807}.Release|Any CPU.ActiveCfg = Release|Any CPU
		{C4DAD854-B739-48C8-A5CE-350ED79BE807}.Release|Any CPU.Build.0 = Release|Any CPU
		{C4DAD854-B739-48C8-A5CE-350ED79BE807}.SchedulerRelease|Any CPU.ActiveCfg = Release|Any CPU
		{C4DAD854-B739-48C8-A5CE-350ED79BE807}.SchedulerRelease|Any CPU.Build.0 = Release|Any CPU
		{C4DAD854-B739-48C8-A5CE-350ED79BE807}.WebRelease|Any CPU.ActiveCfg = Release|Any CPU
		{C4DAD854-B739-48C8-A5CE-350ED79BE807}.WebRelease|Any CPU.Build.0 = Release|Any CPU
		{13ACA6FD-E723-4D0D-8CAF-6767FB39CE89}.ApiRelease|Any CPU.ActiveCfg = Release|Any CPU
		{13ACA6FD-E723-4D0D-8CAF-6767FB39CE89}.ApiRelease|Any CPU.Build.0 = Release|Any CPU
		{13ACA6FD-E723-4D0D-8CAF-6767FB39CE89}.Debug|Any CPU.ActiveCfg = Debug|Any CPU
		{13ACA6FD-E723-4D0D-8CAF-6767FB39CE89}.Debug|Any CPU.Build.0 = Debug|Any CPU
		{13ACA6FD-E723-4D0D-8CAF-6767FB39CE89}.Release|Any CPU.ActiveCfg = Release|Any CPU
		{13ACA6FD-E723-4D0D-8CAF-6767FB39CE89}.Release|Any CPU.Build.0 = Release|Any CPU
		{13ACA6FD-E723-4D0D-8CAF-6767FB39CE89}.SchedulerRelease|Any CPU.ActiveCfg = Release|Any CPU
		{13ACA6FD-E723-4D0D-8CAF-6767FB39CE89}.SchedulerRelease|Any CPU.Build.0 = Release|Any CPU
		{13ACA6FD-E723-4D0D-8CAF-6767FB39CE89}.WebRelease|Any CPU.ActiveCfg = Release|Any CPU
		{13ACA6FD-E723-4D0D-8CAF-6767FB39CE89}.WebRelease|Any CPU.Build.0 = Release|Any CPU
		{92FF7F01-EABD-4CE3-914E-7D2177D12DB6}.ApiRelease|Any CPU.ActiveCfg = Release|Any CPU
		{92FF7F01-EABD-4CE3-914E-7D2177D12DB6}.ApiRelease|Any CPU.Build.0 = Release|Any CPU
		{92FF7F01-EABD-4CE3-914E-7D2177D12DB6}.Debug|Any CPU.ActiveCfg = Debug|Any CPU
		{92FF7F01-EABD-4CE3-914E-7D2177D12DB6}.Debug|Any CPU.Build.0 = Debug|Any CPU
		{92FF7F01-EABD-4CE3-914E-7D2177D12DB6}.Release|Any CPU.ActiveCfg = Release|Any CPU
		{92FF7F01-EABD-4CE3-914E-7D2177D12DB6}.Release|Any CPU.Build.0 = Release|Any CPU
		{92FF7F01-EABD-4CE3-914E-7D2177D12DB6}.SchedulerRelease|Any CPU.ActiveCfg = Release|Any CPU
		{92FF7F01-EABD-4CE3-914E-7D2177D12DB6}.SchedulerRelease|Any CPU.Build.0 = Release|Any CPU
		{92FF7F01-EABD-4CE3-914E-7D2177D12DB6}.WebRelease|Any CPU.ActiveCfg = Release|Any CPU
		{92FF7F01-EABD-4CE3-914E-7D2177D12DB6}.WebRelease|Any CPU.Build.0 = Release|Any CPU
		{A88BD2FC-D851-41F2-B58F-0D1C6F0786C8}.ApiRelease|Any CPU.ActiveCfg = Release|Any CPU
		{A88BD2FC-D851-41F2-B58F-0D1C6F0786C8}.ApiRelease|Any CPU.Build.0 = Release|Any CPU
		{A88BD2FC-D851-41F2-B58F-0D1C6F0786C8}.Debug|Any CPU.ActiveCfg = Debug|Any CPU
		{A88BD2FC-D851-41F2-B58F-0D1C6F0786C8}.Debug|Any CPU.Build.0 = Debug|Any CPU
		{A88BD2FC-D851-41F2-B58F-0D1C6F0786C8}.Release|Any CPU.ActiveCfg = Release|Any CPU
		{A88BD2FC-D851-41F2-B58F-0D1C6F0786C8}.Release|Any CPU.Build.0 = Release|Any CPU
		{A88BD2FC-D851-41F2-B58F-0D1C6F0786C8}.SchedulerRelease|Any CPU.ActiveCfg = Release|Any CPU
		{A88BD2FC-D851-41F2-B58F-0D1C6F0786C8}.SchedulerRelease|Any CPU.Build.0 = Release|Any CPU
		{A88BD2FC-D851-41F2-B58F-0D1C6F0786C8}.WebRelease|Any CPU.ActiveCfg = Release|Any CPU
		{A88BD2FC-D851-41F2-B58F-0D1C6F0786C8}.WebRelease|Any CPU.Build.0 = Release|Any CPU
		{CC7A89E6-FB18-4370-B023-AC4E9A1C4C09}.ApiRelease|Any CPU.ActiveCfg = Release|Any CPU
		{CC7A89E6-FB18-4370-B023-AC4E9A1C4C09}.ApiRelease|Any CPU.Build.0 = Release|Any CPU
		{CC7A89E6-FB18-4370-B023-AC4E9A1C4C09}.Debug|Any CPU.ActiveCfg = Debug|Any CPU
		{CC7A89E6-FB18-4370-B023-AC4E9A1C4C09}.Debug|Any CPU.Build.0 = Debug|Any CPU
		{CC7A89E6-FB18-4370-B023-AC4E9A1C4C09}.Release|Any CPU.ActiveCfg = Release|Any CPU
		{CC7A89E6-FB18-4370-B023-AC4E9A1C4C09}.Release|Any CPU.Build.0 = Release|Any CPU
		{CC7A89E6-FB18-4370-B023-AC4E9A1C4C09}.SchedulerRelease|Any CPU.ActiveCfg = Release|Any CPU
		{CC7A89E6-FB18-4370-B023-AC4E9A1C4C09}.SchedulerRelease|Any CPU.Build.0 = Release|Any CPU
		{CC7A89E6-FB18-4370-B023-AC4E9A1C4C09}.WebRelease|Any CPU.ActiveCfg = Release|Any CPU
		{CC7A89E6-FB18-4370-B023-AC4E9A1C4C09}.WebRelease|Any CPU.Build.0 = Release|Any CPU
		{8AC87040-0916-4F25-B7C3-5754195EA231}.ApiRelease|Any CPU.ActiveCfg = Release|Any CPU
		{8AC87040-0916-4F25-B7C3-5754195EA231}.ApiRelease|Any CPU.Build.0 = Release|Any CPU
		{8AC87040-0916-4F25-B7C3-5754195EA231}.Debug|Any CPU.ActiveCfg = Debug|Any CPU
		{8AC87040-0916-4F25-B7C3-5754195EA231}.Debug|Any CPU.Build.0 = Debug|Any CPU
		{8AC87040-0916-4F25-B7C3-5754195EA231}.Release|Any CPU.ActiveCfg = Release|Any CPU
		{8AC87040-0916-4F25-B7C3-5754195EA231}.Release|Any CPU.Build.0 = Release|Any CPU
		{8AC87040-0916-4F25-B7C3-5754195EA231}.SchedulerRelease|Any CPU.ActiveCfg = Release|Any CPU
		{8AC87040-0916-4F25-B7C3-5754195EA231}.SchedulerRelease|Any CPU.Build.0 = Release|Any CPU
		{8AC87040-0916-4F25-B7C3-5754195EA231}.WebRelease|Any CPU.ActiveCfg = Release|Any CPU
		{8AC87040-0916-4F25-B7C3-5754195EA231}.WebRelease|Any CPU.Build.0 = Release|Any CPU
		{619D05C7-ECE2-4457-982B-C934A267BDCE}.ApiRelease|Any CPU.ActiveCfg = Release|Any CPU
		{619D05C7-ECE2-4457-982B-C934A267BDCE}.ApiRelease|Any CPU.Build.0 = Release|Any CPU
		{619D05C7-ECE2-4457-982B-C934A267BDCE}.Debug|Any CPU.ActiveCfg = Debug|Any CPU
		{619D05C7-ECE2-4457-982B-C934A267BDCE}.Debug|Any CPU.Build.0 = Debug|Any CPU
		{619D05C7-ECE2-4457-982B-C934A267BDCE}.Release|Any CPU.ActiveCfg = Release|Any CPU
		{619D05C7-ECE2-4457-982B-C934A267BDCE}.Release|Any CPU.Build.0 = Release|Any CPU
		{619D05C7-ECE2-4457-982B-C934A267BDCE}.SchedulerRelease|Any CPU.ActiveCfg = Release|Any CPU
		{619D05C7-ECE2-4457-982B-C934A267BDCE}.SchedulerRelease|Any CPU.Build.0 = Release|Any CPU
		{619D05C7-ECE2-4457-982B-C934A267BDCE}.WebRelease|Any CPU.ActiveCfg = Release|Any CPU
		{619D05C7-ECE2-4457-982B-C934A267BDCE}.WebRelease|Any CPU.Build.0 = Release|Any CPU
	EndGlobalSection
	GlobalSection(SolutionProperties) = preSolution
		HideSolutionNode = FALSE
	EndGlobalSection
	GlobalSection(NestedProjects) = preSolution
		{E9AA4F49-34AE-4883-A8CE-D507AE85CF00} = {AC01ECC0-DE88-4BAF-9114-E4DE015E8B1D}
	EndGlobalSection
	GlobalSection(ExtensibilityGlobals) = postSolution
		SolutionGuid = {BE564913-7A40-4BDB-A8FF-039E4FF4DDF2}
	EndGlobalSection
EndGlobal
